// !$*UTF8*$!
{
	archiveVersion = 1;
	classes = {
	};
	objectVersion = 52;
	objects = {

/* Begin PBXBuildFile section */
		0BE876F7A2900788D0513810 /* Pods_FlappyHead_FlappyHeadUITests.framework in Frameworks */ = {isa = PBXBuildFile; fileRef = FCFDF121B0F2AC70608F2216 /* Pods_FlappyHead_FlappyHeadUITests.framework */; };
		7A5FBE0D2783C83900A87D3C /* InstagramSharingManager.swift in Sources */ = {isa = PBXBuildFile; fileRef = 7A5FBE0C2783C83900A87D3C /* InstagramSharingManager.swift */; };
		7A5FBE0F2783F4D200A87D3C /* PermissionPromptViewController.xib in Resources */ = {isa = PBXBuildFile; fileRef = 7A5FBE0E2783F4D100A87D3C /* PermissionPromptViewController.xib */; };
		7A5FBE112783F50800A87D3C /* PermissionPromptViewController.swift in Sources */ = {isa = PBXBuildFile; fileRef = 7A5FBE102783F50800A87D3C /* PermissionPromptViewController.swift */; };
		7A5FBE162784FC3D00A87D3C /* MainGameViewPresenter.swift in Sources */ = {isa = PBXBuildFile; fileRef = 7A5FBE152784FC3D00A87D3C /* MainGameViewPresenter.swift */; };
		7A5FBE182784FEEF00A87D3C /* MainGameViewController+Extensions.swift in Sources */ = {isa = PBXBuildFile; fileRef = 7A5FBE172784FEEF00A87D3C /* MainGameViewController+Extensions.swift */; };
		7A5FBE1A2787D6EE00A87D3C /* PermissionsManager.swift in Sources */ = {isa = PBXBuildFile; fileRef = 7A5FBE192787D6EE00A87D3C /* PermissionsManager.swift */; };
		7A5FBE222787E70200A87D3C /* Localizable.strings in Resources */ = {isa = PBXBuildFile; fileRef = 7A5FBE202787E70200A87D3C /* Localizable.strings */; };
		7A5FBE262787E77A00A87D3C /* StringConstants.swift in Sources */ = {isa = PBXBuildFile; fileRef = 7A5FBE252787E77A00A87D3C /* StringConstants.swift */; };
		7A5FBE28278D1C2100A87D3C /* SettingsViewController.swift in Sources */ = {isa = PBXBuildFile; fileRef = 7A5FBE27278D1C2100A87D3C /* SettingsViewController.swift */; };
		7A5FBE2B278D1CD900A87D3C /* SettingsPresenter.swift in Sources */ = {isa = PBXBuildFile; fileRef = 7A5FBE2A278D1CD900A87D3C /* SettingsPresenter.swift */; };
		7A5FBE2E278D2A4800A87D3C /* SettingsToggleCell.swift in Sources */ = {isa = PBXBuildFile; fileRef = 7A5FBE2D278D2A4800A87D3C /* SettingsToggleCell.swift */; };
		7A5FBE30278D2A7500A87D3C /* SettingsToggleCell.xib in Resources */ = {isa = PBXBuildFile; fileRef = 7A5FBE2F278D2A7500A87D3C /* SettingsToggleCell.xib */; };
		7A5FBE32279352DC00A87D3C /* GoogleService-Info.plist in Resources */ = {isa = PBXBuildFile; fileRef = 7A5FBE31279352DC00A87D3C /* GoogleService-Info.plist */; };
		7A5FBE35279354FB00A87D3C /* FirebaseCrashlytics in Frameworks */ = {isa = PBXBuildFile; productRef = 7A5FBE34279354FB00A87D3C /* FirebaseCrashlytics */; };
		7A5FBE37279354FB00A87D3C /* FirebaseRemoteConfig in Frameworks */ = {isa = PBXBuildFile; productRef = 7A5FBE36279354FB00A87D3C /* FirebaseRemoteConfig */; };
		7A5FBE392793711700A87D3C /* RemoteConfigManager.swift in Sources */ = {isa = PBXBuildFile; fileRef = 7A5FBE382793711700A87D3C /* RemoteConfigManager.swift */; };
		7A5FBE3D2793752E00A87D3C /* RemoteConfigDefault.plist in Resources */ = {isa = PBXBuildFile; fileRef = 7A5FBE3C2793752E00A87D3C /* RemoteConfigDefault.plist */; };
		7A5FBE3F2793754000A87D3C /* RemoteConfigDefaults.plist in Resources */ = {isa = PBXBuildFile; fileRef = 7A5FBE3E2793754000A87D3C /* RemoteConfigDefaults.plist */; };
		7AFA5F8B2781768500D16A51 /* ModalPromptViewController.xib in Resources */ = {isa = PBXBuildFile; fileRef = 7AFA5F8A2781768500D16A51 /* ModalPromptViewController.xib */; };
		7AFA5F8D2781769D00D16A51 /* ModalPromptViewController.swift in Sources */ = {isa = PBXBuildFile; fileRef = 7AFA5F8C2781769C00D16A51 /* ModalPromptViewController.swift */; };
		7AFA5F8F278248D500D16A51 /* UIView+Utils.swift in Sources */ = {isa = PBXBuildFile; fileRef = 7AFA5F8E278248D500D16A51 /* UIView+Utils.swift */; };
		849F5EFCE93A8ABE7C87D978 /* Pods_FlappyHeadTests.framework in Frameworks */ = {isa = PBXBuildFile; fileRef = EB0D0E9CB387BB4EE2576143 /* Pods_FlappyHeadTests.framework */; };
		A10803631A65657FCDCAB532 /* Pods_FlappyHead.framework in Frameworks */ = {isa = PBXBuildFile; fileRef = 7ECE90EC97D10F7644FFF8A8 /* Pods_FlappyHead.framework */; };
		AD5351A926D2DBAC002CB457 /* AppDelegate.swift in Sources */ = {isa = PBXBuildFile; fileRef = AD5351A826D2DBAC002CB457 /* AppDelegate.swift */; };
		AD5351AB26D2DBAC002CB457 /* SceneDelegate.swift in Sources */ = {isa = PBXBuildFile; fileRef = AD5351AA26D2DBAC002CB457 /* SceneDelegate.swift */; };
		AD5351B526D2DBAD002CB457 /* LaunchScreen.storyboard in Resources */ = {isa = PBXBuildFile; fileRef = AD5351B326D2DBAD002CB457 /* LaunchScreen.storyboard */; };
		AD5351C026D2DBAD002CB457 /* FlappyHeadTests.swift in Sources */ = {isa = PBXBuildFile; fileRef = AD5351BF26D2DBAD002CB457 /* FlappyHeadTests.swift */; };
		AD5351CB26D2DBAD002CB457 /* FlappyHeadUITests.swift in Sources */ = {isa = PBXBuildFile; fileRef = AD5351CA26D2DBAD002CB457 /* FlappyHeadUITests.swift */; };
		AD5351EE26D2DBDB002CB457 /* SKNode+Extension.swift in Sources */ = {isa = PBXBuildFile; fileRef = AD5351D926D2DBDA002CB457 /* SKNode+Extension.swift */; };
		AD5351F126D2DBDB002CB457 /* Main.storyboard in Resources */ = {isa = PBXBuildFile; fileRef = AD5351DE26D2DBDA002CB457 /* Main.storyboard */; };
		AD5351F226D2DBDB002CB457 /* GameSettingManager.swift in Sources */ = {isa = PBXBuildFile; fileRef = AD5351E126D2DBDA002CB457 /* GameSettingManager.swift */; };
		AD5351F326D2DBDB002CB457 /* GameScene.sks in Resources */ = {isa = PBXBuildFile; fileRef = AD5351E326D2DBDA002CB457 /* GameScene.sks */; };
		AD5351F426D2DBDB002CB457 /* GameScene.swift in Sources */ = {isa = PBXBuildFile; fileRef = AD5351E426D2DBDA002CB457 /* GameScene.swift */; };
		AD5351F626D2DBDB002CB457 /* bird.atlas in Resources */ = {isa = PBXBuildFile; fileRef = AD5351E726D2DBDB002CB457 /* bird.atlas */; };
		AD5351F726D2DBDB002CB457 /* Assets.xcassets in Resources */ = {isa = PBXBuildFile; fileRef = AD5351E826D2DBDB002CB457 /* Assets.xcassets */; };
		AD5351F826D2DBDB002CB457 /* MainGameViewController.swift in Sources */ = {isa = PBXBuildFile; fileRef = AD5351EA26D2DBDB002CB457 /* MainGameViewController.swift */; };
		AD53520626D2DD3B002CB457 /* ScalingCarousel in Frameworks */ = {isa = PBXBuildFile; productRef = AD53520526D2DD3B002CB457 /* ScalingCarousel */; };
		AD53521326D2E3CF002CB457 /* FaceTriggerEvaluators.swift in Sources */ = {isa = PBXBuildFile; fileRef = AD53521126D2E3CF002CB457 /* FaceTriggerEvaluators.swift */; };
		AD53521426D2E3CF002CB457 /* FaceTrigger.swift in Sources */ = {isa = PBXBuildFile; fileRef = AD53521226D2E3CF002CB457 /* FaceTrigger.swift */; };
		ADA95FEB26D4730C000AF0CD /* GameManager.swift in Sources */ = {isa = PBXBuildFile; fileRef = ADA95FEA26D4730C000AF0CD /* GameManager.swift */; };
		ADDE17D52766EDF500E146A3 /* FireParticles.sks in Resources */ = {isa = PBXBuildFile; fileRef = ADDE17B92766EDF500E146A3 /* FireParticles.sks */; };
		ADDE17E02766EDF500E146A3 /* spark.png in Resources */ = {isa = PBXBuildFile; fileRef = ADDE17C42766EDF500E146A3 /* spark.png */; };
/* End PBXBuildFile section */

/* Begin PBXContainerItemProxy section */
		AD5351BC26D2DBAD002CB457 /* PBXContainerItemProxy */ = {
			isa = PBXContainerItemProxy;
			containerPortal = AD53519D26D2DBAC002CB457 /* Project object */;
			proxyType = 1;
			remoteGlobalIDString = AD5351A426D2DBAC002CB457;
			remoteInfo = FlappyHead;
		};
		AD5351C726D2DBAD002CB457 /* PBXContainerItemProxy */ = {
			isa = PBXContainerItemProxy;
			containerPortal = AD53519D26D2DBAC002CB457 /* Project object */;
			proxyType = 1;
			remoteGlobalIDString = AD5351A426D2DBAC002CB457;
			remoteInfo = FlappyHead;
		};
/* End PBXContainerItemProxy section */

/* Begin PBXFileReference section */
		7A459B9328833F0470456C37 /* Pods-FlappyHead-FlappyHeadUITests.debug.xcconfig */ = {isa = PBXFileReference; includeInIndex = 1; lastKnownFileType = text.xcconfig; name = "Pods-FlappyHead-FlappyHeadUITests.debug.xcconfig"; path = "Target Support Files/Pods-FlappyHead-FlappyHeadUITests/Pods-FlappyHead-FlappyHeadUITests.debug.xcconfig"; sourceTree = "<group>"; };
		7A5FBE0C2783C83900A87D3C /* InstagramSharingManager.swift */ = {isa = PBXFileReference; lastKnownFileType = sourcecode.swift; path = InstagramSharingManager.swift; sourceTree = "<group>"; };
		7A5FBE0E2783F4D100A87D3C /* PermissionPromptViewController.xib */ = {isa = PBXFileReference; lastKnownFileType = file.xib; path = PermissionPromptViewController.xib; sourceTree = "<group>"; };
		7A5FBE102783F50800A87D3C /* PermissionPromptViewController.swift */ = {isa = PBXFileReference; lastKnownFileType = sourcecode.swift; path = PermissionPromptViewController.swift; sourceTree = "<group>"; };
		7A5FBE152784FC3D00A87D3C /* MainGameViewPresenter.swift */ = {isa = PBXFileReference; lastKnownFileType = sourcecode.swift; path = MainGameViewPresenter.swift; sourceTree = "<group>"; };
		7A5FBE172784FEEF00A87D3C /* MainGameViewController+Extensions.swift */ = {isa = PBXFileReference; lastKnownFileType = sourcecode.swift; path = "MainGameViewController+Extensions.swift"; sourceTree = "<group>"; };
		7A5FBE192787D6EE00A87D3C /* PermissionsManager.swift */ = {isa = PBXFileReference; lastKnownFileType = sourcecode.swift; path = PermissionsManager.swift; sourceTree = "<group>"; };
		7A5FBE1E2787E69F00A87D3C /* ja */ = {isa = PBXFileReference; lastKnownFileType = text.plist.strings; name = ja; path = ja.lproj/Main.strings; sourceTree = "<group>"; };
		7A5FBE1F2787E69F00A87D3C /* ja */ = {isa = PBXFileReference; lastKnownFileType = text.plist.strings; name = ja; path = ja.lproj/LaunchScreen.strings; sourceTree = "<group>"; };
		7A5FBE212787E70200A87D3C /* Base */ = {isa = PBXFileReference; lastKnownFileType = text.plist.strings; name = Base; path = Base.lproj/Localizable.strings; sourceTree = "<group>"; };
		7A5FBE232787E70C00A87D3C /* ja */ = {isa = PBXFileReference; lastKnownFileType = text.plist.strings; name = ja; path = ja.lproj/Localizable.strings; sourceTree = "<group>"; };
		7A5FBE242787E70D00A87D3C /* en */ = {isa = PBXFileReference; lastKnownFileType = text.plist.strings; name = en; path = en.lproj/Localizable.strings; sourceTree = "<group>"; };
		7A5FBE252787E77A00A87D3C /* StringConstants.swift */ = {isa = PBXFileReference; lastKnownFileType = sourcecode.swift; path = StringConstants.swift; sourceTree = "<group>"; };
		7A5FBE27278D1C2100A87D3C /* SettingsViewController.swift */ = {isa = PBXFileReference; lastKnownFileType = sourcecode.swift; path = SettingsViewController.swift; sourceTree = "<group>"; };
		7A5FBE2A278D1CD900A87D3C /* SettingsPresenter.swift */ = {isa = PBXFileReference; lastKnownFileType = sourcecode.swift; path = SettingsPresenter.swift; sourceTree = "<group>"; };
		7A5FBE2D278D2A4800A87D3C /* SettingsToggleCell.swift */ = {isa = PBXFileReference; lastKnownFileType = sourcecode.swift; path = SettingsToggleCell.swift; sourceTree = "<group>"; };
		7A5FBE2F278D2A7500A87D3C /* SettingsToggleCell.xib */ = {isa = PBXFileReference; lastKnownFileType = file.xib; path = SettingsToggleCell.xib; sourceTree = "<group>"; };
		7A5FBE31279352DC00A87D3C /* GoogleService-Info.plist */ = {isa = PBXFileReference; fileEncoding = 4; lastKnownFileType = text.plist.xml; path = "GoogleService-Info.plist"; sourceTree = "<group>"; };
		7A5FBE382793711700A87D3C /* RemoteConfigManager.swift */ = {isa = PBXFileReference; lastKnownFileType = sourcecode.swift; path = RemoteConfigManager.swift; sourceTree = "<group>"; };
		7A5FBE3C2793752E00A87D3C /* RemoteConfigDefault.plist */ = {isa = PBXFileReference; lastKnownFileType = text.plist; name = RemoteConfigDefault.plist; path = FlappyHead/RemoteConfigDefault.plist; sourceTree = SOURCE_ROOT; };
		7A5FBE3E2793754000A87D3C /* RemoteConfigDefaults.plist */ = {isa = PBXFileReference; fileEncoding = 4; lastKnownFileType = text.plist.xml; path = RemoteConfigDefaults.plist; sourceTree = "<group>"; };
		7AFA5F8A2781768500D16A51 /* ModalPromptViewController.xib */ = {isa = PBXFileReference; lastKnownFileType = file.xib; path = ModalPromptViewController.xib; sourceTree = "<group>"; };
		7AFA5F8C2781769C00D16A51 /* ModalPromptViewController.swift */ = {isa = PBXFileReference; lastKnownFileType = sourcecode.swift; path = ModalPromptViewController.swift; sourceTree = "<group>"; };
		7AFA5F8E278248D500D16A51 /* UIView+Utils.swift */ = {isa = PBXFileReference; lastKnownFileType = sourcecode.swift; path = "UIView+Utils.swift"; sourceTree = "<group>"; };
		7ECE90EC97D10F7644FFF8A8 /* Pods_FlappyHead.framework */ = {isa = PBXFileReference; explicitFileType = wrapper.framework; includeInIndex = 0; path = Pods_FlappyHead.framework; sourceTree = BUILT_PRODUCTS_DIR; };
		A9146A6C9B9E73C612788063 /* Pods-FlappyHead.release.xcconfig */ = {isa = PBXFileReference; includeInIndex = 1; lastKnownFileType = text.xcconfig; name = "Pods-FlappyHead.release.xcconfig"; path = "Target Support Files/Pods-FlappyHead/Pods-FlappyHead.release.xcconfig"; sourceTree = "<group>"; };
		A94A1877C3E229DD07789CE6 /* Pods-FlappyHead.debug.xcconfig */ = {isa = PBXFileReference; includeInIndex = 1; lastKnownFileType = text.xcconfig; name = "Pods-FlappyHead.debug.xcconfig"; path = "Target Support Files/Pods-FlappyHead/Pods-FlappyHead.debug.xcconfig"; sourceTree = "<group>"; };
		AD5351A526D2DBAC002CB457 /* FlappyHead.app */ = {isa = PBXFileReference; explicitFileType = wrapper.application; includeInIndex = 0; path = FlappyHead.app; sourceTree = BUILT_PRODUCTS_DIR; };
		AD5351A826D2DBAC002CB457 /* AppDelegate.swift */ = {isa = PBXFileReference; lastKnownFileType = sourcecode.swift; path = AppDelegate.swift; sourceTree = "<group>"; };
		AD5351AA26D2DBAC002CB457 /* SceneDelegate.swift */ = {isa = PBXFileReference; lastKnownFileType = sourcecode.swift; path = SceneDelegate.swift; sourceTree = "<group>"; };
		AD5351B426D2DBAD002CB457 /* Base */ = {isa = PBXFileReference; lastKnownFileType = file.storyboard; name = Base; path = Base.lproj/LaunchScreen.storyboard; sourceTree = "<group>"; };
		AD5351B626D2DBAD002CB457 /* Info.plist */ = {isa = PBXFileReference; lastKnownFileType = text.plist.xml; path = Info.plist; sourceTree = "<group>"; };
		AD5351BB26D2DBAD002CB457 /* FlappyHeadTests.xctest */ = {isa = PBXFileReference; explicitFileType = wrapper.cfbundle; includeInIndex = 0; path = FlappyHeadTests.xctest; sourceTree = BUILT_PRODUCTS_DIR; };
		AD5351BF26D2DBAD002CB457 /* FlappyHeadTests.swift */ = {isa = PBXFileReference; lastKnownFileType = sourcecode.swift; path = FlappyHeadTests.swift; sourceTree = "<group>"; };
		AD5351C126D2DBAD002CB457 /* Info.plist */ = {isa = PBXFileReference; lastKnownFileType = text.plist.xml; path = Info.plist; sourceTree = "<group>"; };
		AD5351C626D2DBAD002CB457 /* FlappyHeadUITests.xctest */ = {isa = PBXFileReference; explicitFileType = wrapper.cfbundle; includeInIndex = 0; path = FlappyHeadUITests.xctest; sourceTree = BUILT_PRODUCTS_DIR; };
		AD5351CA26D2DBAD002CB457 /* FlappyHeadUITests.swift */ = {isa = PBXFileReference; lastKnownFileType = sourcecode.swift; path = FlappyHeadUITests.swift; sourceTree = "<group>"; };
		AD5351CC26D2DBAD002CB457 /* Info.plist */ = {isa = PBXFileReference; lastKnownFileType = text.plist.xml; path = Info.plist; sourceTree = "<group>"; };
		AD5351D926D2DBDA002CB457 /* SKNode+Extension.swift */ = {isa = PBXFileReference; fileEncoding = 4; lastKnownFileType = sourcecode.swift; path = "SKNode+Extension.swift"; sourceTree = "<group>"; };
		AD5351DF26D2DBDA002CB457 /* Base */ = {isa = PBXFileReference; lastKnownFileType = file.storyboard; name = Base; path = Base.lproj/Main.storyboard; sourceTree = "<group>"; };
		AD5351E126D2DBDA002CB457 /* GameSettingManager.swift */ = {isa = PBXFileReference; fileEncoding = 4; lastKnownFileType = sourcecode.swift; path = GameSettingManager.swift; sourceTree = "<group>"; };
		AD5351E326D2DBDA002CB457 /* GameScene.sks */ = {isa = PBXFileReference; lastKnownFileType = file.sks; path = GameScene.sks; sourceTree = "<group>"; };
		AD5351E426D2DBDA002CB457 /* GameScene.swift */ = {isa = PBXFileReference; fileEncoding = 4; lastKnownFileType = sourcecode.swift; path = GameScene.swift; sourceTree = "<group>"; };
		AD5351E726D2DBDB002CB457 /* bird.atlas */ = {isa = PBXFileReference; lastKnownFileType = folder.skatlas; path = bird.atlas; sourceTree = "<group>"; };
		AD5351E826D2DBDB002CB457 /* Assets.xcassets */ = {isa = PBXFileReference; lastKnownFileType = folder.assetcatalog; path = Assets.xcassets; sourceTree = "<group>"; };
		AD5351EA26D2DBDB002CB457 /* MainGameViewController.swift */ = {isa = PBXFileReference; fileEncoding = 4; lastKnownFileType = sourcecode.swift; path = MainGameViewController.swift; sourceTree = "<group>"; };
		AD53521126D2E3CF002CB457 /* FaceTriggerEvaluators.swift */ = {isa = PBXFileReference; fileEncoding = 4; lastKnownFileType = sourcecode.swift; path = FaceTriggerEvaluators.swift; sourceTree = "<group>"; };
		AD53521226D2E3CF002CB457 /* FaceTrigger.swift */ = {isa = PBXFileReference; fileEncoding = 4; lastKnownFileType = sourcecode.swift; path = FaceTrigger.swift; sourceTree = "<group>"; };
		ADA95FEA26D4730C000AF0CD /* GameManager.swift */ = {isa = PBXFileReference; lastKnownFileType = sourcecode.swift; path = GameManager.swift; sourceTree = "<group>"; };
		ADDE17B92766EDF500E146A3 /* FireParticles.sks */ = {isa = PBXFileReference; lastKnownFileType = file.sks; path = FireParticles.sks; sourceTree = "<group>"; };
		ADDE17C42766EDF500E146A3 /* spark.png */ = {isa = PBXFileReference; lastKnownFileType = image.png; path = spark.png; sourceTree = "<group>"; };
		B1780FD8FD0EB1802B2931F6 /* Pods-FlappyHeadTests.debug.xcconfig */ = {isa = PBXFileReference; includeInIndex = 1; lastKnownFileType = text.xcconfig; name = "Pods-FlappyHeadTests.debug.xcconfig"; path = "Target Support Files/Pods-FlappyHeadTests/Pods-FlappyHeadTests.debug.xcconfig"; sourceTree = "<group>"; };
		DC30EFD42E69D5543F3E00F1 /* Pods-FlappyHeadTests.release.xcconfig */ = {isa = PBXFileReference; includeInIndex = 1; lastKnownFileType = text.xcconfig; name = "Pods-FlappyHeadTests.release.xcconfig"; path = "Target Support Files/Pods-FlappyHeadTests/Pods-FlappyHeadTests.release.xcconfig"; sourceTree = "<group>"; };
		E9CC4EC440F883BF0EE06478 /* Pods-FlappyHead-FlappyHeadUITests.release.xcconfig */ = {isa = PBXFileReference; includeInIndex = 1; lastKnownFileType = text.xcconfig; name = "Pods-FlappyHead-FlappyHeadUITests.release.xcconfig"; path = "Target Support Files/Pods-FlappyHead-FlappyHeadUITests/Pods-FlappyHead-FlappyHeadUITests.release.xcconfig"; sourceTree = "<group>"; };
		EB0D0E9CB387BB4EE2576143 /* Pods_FlappyHeadTests.framework */ = {isa = PBXFileReference; explicitFileType = wrapper.framework; includeInIndex = 0; path = Pods_FlappyHeadTests.framework; sourceTree = BUILT_PRODUCTS_DIR; };
		FCFDF121B0F2AC70608F2216 /* Pods_FlappyHead_FlappyHeadUITests.framework */ = {isa = PBXFileReference; explicitFileType = wrapper.framework; includeInIndex = 0; path = Pods_FlappyHead_FlappyHeadUITests.framework; sourceTree = BUILT_PRODUCTS_DIR; };
/* End PBXFileReference section */

/* Begin PBXFrameworksBuildPhase section */
		AD5351A226D2DBAC002CB457 /* Frameworks */ = {
			isa = PBXFrameworksBuildPhase;
			buildActionMask = 2147483647;
			files = (
				7A5FBE35279354FB00A87D3C /* FirebaseCrashlytics in Frameworks */,
				AD53520626D2DD3B002CB457 /* ScalingCarousel in Frameworks */,
				A10803631A65657FCDCAB532 /* Pods_FlappyHead.framework in Frameworks */,
				7A5FBE37279354FB00A87D3C /* FirebaseRemoteConfig in Frameworks */,
			);
			runOnlyForDeploymentPostprocessing = 0;
		};
		AD5351B826D2DBAD002CB457 /* Frameworks */ = {
			isa = PBXFrameworksBuildPhase;
			buildActionMask = 2147483647;
			files = (
				849F5EFCE93A8ABE7C87D978 /* Pods_FlappyHeadTests.framework in Frameworks */,
			);
			runOnlyForDeploymentPostprocessing = 0;
		};
		AD5351C326D2DBAD002CB457 /* Frameworks */ = {
			isa = PBXFrameworksBuildPhase;
			buildActionMask = 2147483647;
			files = (
				0BE876F7A2900788D0513810 /* Pods_FlappyHead_FlappyHeadUITests.framework in Frameworks */,
			);
			runOnlyForDeploymentPostprocessing = 0;
		};
/* End PBXFrameworksBuildPhase section */

/* Begin PBXGroup section */
		7A5FBE29278D1CCB00A87D3C /* Settings */ = {
			isa = PBXGroup;
			children = (
				7A5FBE27278D1C2100A87D3C /* SettingsViewController.swift */,
				7A5FBE2A278D1CD900A87D3C /* SettingsPresenter.swift */,
				7A5FBE2D278D2A4800A87D3C /* SettingsToggleCell.swift */,
				7A5FBE2F278D2A7500A87D3C /* SettingsToggleCell.xib */,
			);
			path = Settings;
			sourceTree = "<group>";
		};
		7A5FBE2C278D232B00A87D3C /* StringConstants */ = {
			isa = PBXGroup;
			children = (
				7A5FBE252787E77A00A87D3C /* StringConstants.swift */,
			);
			path = StringConstants;
			sourceTree = "<group>";
		};
		7AFA5F892781758C00D16A51 /* Views */ = {
			isa = PBXGroup;
			children = (
				7AFA5F8A2781768500D16A51 /* ModalPromptViewController.xib */,
				7AFA5F8C2781769C00D16A51 /* ModalPromptViewController.swift */,
				7A5FBE0E2783F4D100A87D3C /* PermissionPromptViewController.xib */,
				7A5FBE102783F50800A87D3C /* PermissionPromptViewController.swift */,
			);
			path = Views;
			sourceTree = "<group>";
		};
		A8EEE6C965CDF91859F2C930 /* Frameworks */ = {
			isa = PBXGroup;
			children = (
				7ECE90EC97D10F7644FFF8A8 /* Pods_FlappyHead.framework */,
				FCFDF121B0F2AC70608F2216 /* Pods_FlappyHead_FlappyHeadUITests.framework */,
				EB0D0E9CB387BB4EE2576143 /* Pods_FlappyHeadTests.framework */,
			);
			name = Frameworks;
			sourceTree = "<group>";
		};
		AD53519C26D2DBAC002CB457 = {
			isa = PBXGroup;
			children = (
				AD5351A726D2DBAC002CB457 /* FlappyHead */,
				AD5351BE26D2DBAD002CB457 /* FlappyHeadTests */,
				AD5351C926D2DBAD002CB457 /* FlappyHeadUITests */,
				AD5351A626D2DBAC002CB457 /* Products */,
				D552C1E41BD356B251645CE6 /* Pods */,
				A8EEE6C965CDF91859F2C930 /* Frameworks */,
			);
			sourceTree = "<group>";
		};
		AD5351A626D2DBAC002CB457 /* Products */ = {
			isa = PBXGroup;
			children = (
				AD5351A526D2DBAC002CB457 /* FlappyHead.app */,
				AD5351BB26D2DBAD002CB457 /* FlappyHeadTests.xctest */,
				AD5351C626D2DBAD002CB457 /* FlappyHeadUITests.xctest */,
			);
			name = Products;
			sourceTree = "<group>";
		};
		AD5351A726D2DBAC002CB457 /* FlappyHead */ = {
			isa = PBXGroup;
			children = (
				7A5FBE2C278D232B00A87D3C /* StringConstants */,
				AD5351A826D2DBAC002CB457 /* AppDelegate.swift */,
				AD5351AA26D2DBAC002CB457 /* SceneDelegate.swift */,
				AD5351E026D2DBDA002CB457 /* Managers */,
				AD5351E926D2DBDB002CB457 /* ViewControllers */,
				AD5351DA26D2DBDA002CB457 /* Views */,
				AD5351D826D2DBDA002CB457 /* Extensions */,
				ADA95FED26D47BA5000AF0CD /* Utils */,
				AD53520C26D2DE5A002CB457 /* GameSupportFiles */,
				7A5FBE31279352DC00A87D3C /* GoogleService-Info.plist */,
				7A5FBE3E2793754000A87D3C /* RemoteConfigDefaults.plist */,
				AD5351B626D2DBAD002CB457 /* Info.plist */,
				ADDE17B72766EDF500E146A3 /* Content */,
				AD5351B326D2DBAD002CB457 /* LaunchScreen.storyboard */,
				7A5FBE202787E70200A87D3C /* Localizable.strings */,
			);
			path = FlappyHead;
			sourceTree = "<group>";
		};
		AD5351BE26D2DBAD002CB457 /* FlappyHeadTests */ = {
			isa = PBXGroup;
			children = (
				AD5351BF26D2DBAD002CB457 /* FlappyHeadTests.swift */,
				AD5351C126D2DBAD002CB457 /* Info.plist */,
			);
			path = FlappyHeadTests;
			sourceTree = "<group>";
		};
		AD5351C926D2DBAD002CB457 /* FlappyHeadUITests */ = {
			isa = PBXGroup;
			children = (
				AD5351CA26D2DBAD002CB457 /* FlappyHeadUITests.swift */,
				AD5351CC26D2DBAD002CB457 /* Info.plist */,
			);
			path = FlappyHeadUITests;
			sourceTree = "<group>";
		};
		AD5351D826D2DBDA002CB457 /* Extensions */ = {
			isa = PBXGroup;
			children = (
				AD5351D926D2DBDA002CB457 /* SKNode+Extension.swift */,
			);
			path = Extensions;
			sourceTree = "<group>";
		};
		AD5351DA26D2DBDA002CB457 /* Views */ = {
			isa = PBXGroup;
			children = (
				AD5351DE26D2DBDA002CB457 /* Main.storyboard */,
			);
			path = Views;
			sourceTree = "<group>";
		};
		AD5351E026D2DBDA002CB457 /* Managers */ = {
			isa = PBXGroup;
			children = (
				7A5FBE0C2783C83900A87D3C /* InstagramSharingManager.swift */,
				AD5351E126D2DBDA002CB457 /* GameSettingManager.swift */,
				ADA95FEA26D4730C000AF0CD /* GameManager.swift */,
				7A5FBE192787D6EE00A87D3C /* PermissionsManager.swift */,
				7A5FBE382793711700A87D3C /* RemoteConfigManager.swift */,
			);
			path = Managers;
			sourceTree = "<group>";
		};
		AD5351E226D2DBDA002CB457 /* GameScenes */ = {
			isa = PBXGroup;
			children = (
				AD5351E326D2DBDA002CB457 /* GameScene.sks */,
				AD5351E426D2DBDA002CB457 /* GameScene.swift */,
			);
			path = GameScenes;
			sourceTree = "<group>";
		};
		AD5351E626D2DBDB002CB457 /* Additional Assets */ = {
			isa = PBXGroup;
			children = (
				AD5351E726D2DBDB002CB457 /* bird.atlas */,
				AD5351E826D2DBDB002CB457 /* Assets.xcassets */,
			);
			path = "Additional Assets";
			sourceTree = "<group>";
		};
		AD5351E926D2DBDB002CB457 /* ViewControllers */ = {
			isa = PBXGroup;
			children = (
				7A5FBE29278D1CCB00A87D3C /* Settings */,
				7AFA5F892781758C00D16A51 /* Views */,
				AD5351EA26D2DBDB002CB457 /* MainGameViewController.swift */,
				7A5FBE152784FC3D00A87D3C /* MainGameViewPresenter.swift */,
				7A5FBE172784FEEF00A87D3C /* MainGameViewController+Extensions.swift */,
			);
			path = ViewControllers;
			sourceTree = "<group>";
		};
		AD53520726D2DDCD002CB457 /* FaceMapping */ = {
			isa = PBXGroup;
			children = (
				AD53521226D2E3CF002CB457 /* FaceTrigger.swift */,
				AD53521126D2E3CF002CB457 /* FaceTriggerEvaluators.swift */,
			);
			path = FaceMapping;
			sourceTree = "<group>";
		};
		AD53520C26D2DE5A002CB457 /* GameSupportFiles */ = {
			isa = PBXGroup;
			children = (
				7A5FBE3C2793752E00A87D3C /* RemoteConfigDefault.plist */,
				AD5351E626D2DBDB002CB457 /* Additional Assets */,
				AD53520726D2DDCD002CB457 /* FaceMapping */,
				AD5351E226D2DBDA002CB457 /* GameScenes */,
			);
			path = GameSupportFiles;
			sourceTree = "<group>";
		};
		ADA95FED26D47BA5000AF0CD /* Utils */ = {
			isa = PBXGroup;
			children = (
				7AFA5F8E278248D500D16A51 /* UIView+Utils.swift */,
			);
			path = Utils;
			sourceTree = "<group>";
		};
		ADDE17B72766EDF500E146A3 /* Content */ = {
			isa = PBXGroup;
			children = (
				ADDE17B92766EDF500E146A3 /* FireParticles.sks */,
				ADDE17C42766EDF500E146A3 /* spark.png */,
			);
			path = Content;
			sourceTree = "<group>";
		};
		D552C1E41BD356B251645CE6 /* Pods */ = {
			isa = PBXGroup;
			children = (
				A94A1877C3E229DD07789CE6 /* Pods-FlappyHead.debug.xcconfig */,
				A9146A6C9B9E73C612788063 /* Pods-FlappyHead.release.xcconfig */,
				7A459B9328833F0470456C37 /* Pods-FlappyHead-FlappyHeadUITests.debug.xcconfig */,
				E9CC4EC440F883BF0EE06478 /* Pods-FlappyHead-FlappyHeadUITests.release.xcconfig */,
				B1780FD8FD0EB1802B2931F6 /* Pods-FlappyHeadTests.debug.xcconfig */,
				DC30EFD42E69D5543F3E00F1 /* Pods-FlappyHeadTests.release.xcconfig */,
			);
			path = Pods;
			sourceTree = "<group>";
		};
/* End PBXGroup section */

/* Begin PBXNativeTarget section */
		AD5351A426D2DBAC002CB457 /* FlappyHead */ = {
			isa = PBXNativeTarget;
			buildConfigurationList = AD5351CF26D2DBAD002CB457 /* Build configuration list for PBXNativeTarget "FlappyHead" */;
			buildPhases = (
				75DF38336ED468F89DF41D0C /* [CP] Check Pods Manifest.lock */,
				AD5351A126D2DBAC002CB457 /* Sources */,
				AD5351A226D2DBAC002CB457 /* Frameworks */,
				AD5351A326D2DBAC002CB457 /* Resources */,
				0FBE2AF2BB01CBE57936192A /* [CP] Embed Pods Frameworks */,
			);
			buildRules = (
			);
			dependencies = (
			);
			name = FlappyHead;
			packageProductDependencies = (
				AD53520526D2DD3B002CB457 /* ScalingCarousel */,
				7A5FBE34279354FB00A87D3C /* FirebaseCrashlytics */,
				7A5FBE36279354FB00A87D3C /* FirebaseRemoteConfig */,
			);
			productName = FlappyHead;
			productReference = AD5351A526D2DBAC002CB457 /* FlappyHead.app */;
			productType = "com.apple.product-type.application";
		};
		AD5351BA26D2DBAD002CB457 /* FlappyHeadTests */ = {
			isa = PBXNativeTarget;
			buildConfigurationList = AD5351D226D2DBAD002CB457 /* Build configuration list for PBXNativeTarget "FlappyHeadTests" */;
			buildPhases = (
				48B2034260FCC73755BE5622 /* [CP] Check Pods Manifest.lock */,
				AD5351B726D2DBAD002CB457 /* Sources */,
				AD5351B826D2DBAD002CB457 /* Frameworks */,
				AD5351B926D2DBAD002CB457 /* Resources */,
			);
			buildRules = (
			);
			dependencies = (
				AD5351BD26D2DBAD002CB457 /* PBXTargetDependency */,
			);
			name = FlappyHeadTests;
			productName = FlappyHeadTests;
			productReference = AD5351BB26D2DBAD002CB457 /* FlappyHeadTests.xctest */;
			productType = "com.apple.product-type.bundle.unit-test";
		};
		AD5351C526D2DBAD002CB457 /* FlappyHeadUITests */ = {
			isa = PBXNativeTarget;
			buildConfigurationList = AD5351D526D2DBAD002CB457 /* Build configuration list for PBXNativeTarget "FlappyHeadUITests" */;
			buildPhases = (
				8E2D22391EF4355D2BFD81FA /* [CP] Check Pods Manifest.lock */,
				AD5351C226D2DBAD002CB457 /* Sources */,
				AD5351C326D2DBAD002CB457 /* Frameworks */,
				AD5351C426D2DBAD002CB457 /* Resources */,
				26A324CD6604AEFFD6073BB9 /* [CP] Embed Pods Frameworks */,
			);
			buildRules = (
			);
			dependencies = (
				AD5351C826D2DBAD002CB457 /* PBXTargetDependency */,
			);
			name = FlappyHeadUITests;
			productName = FlappyHeadUITests;
			productReference = AD5351C626D2DBAD002CB457 /* FlappyHeadUITests.xctest */;
			productType = "com.apple.product-type.bundle.ui-testing";
		};
/* End PBXNativeTarget section */

/* Begin PBXProject section */
		AD53519D26D2DBAC002CB457 /* Project object */ = {
			isa = PBXProject;
			attributes = {
				LastSwiftUpdateCheck = 1250;
				LastUpgradeCheck = 1250;
				TargetAttributes = {
					AD5351A426D2DBAC002CB457 = {
						CreatedOnToolsVersion = 12.5;
					};
					AD5351BA26D2DBAD002CB457 = {
						CreatedOnToolsVersion = 12.5;
						TestTargetID = AD5351A426D2DBAC002CB457;
					};
					AD5351C526D2DBAD002CB457 = {
						CreatedOnToolsVersion = 12.5;
						TestTargetID = AD5351A426D2DBAC002CB457;
					};
				};
			};
			buildConfigurationList = AD5351A026D2DBAC002CB457 /* Build configuration list for PBXProject "FlappyHead" */;
			compatibilityVersion = "Xcode 9.3";
			developmentRegion = en;
			hasScannedForEncodings = 0;
			knownRegions = (
				en,
				Base,
				ja,
			);
			mainGroup = AD53519C26D2DBAC002CB457;
			packageReferences = (
				AD53520426D2DD3B002CB457 /* XCRemoteSwiftPackageReference "ScalingCarousel" */,
				7A5FBE33279354FB00A87D3C /* XCRemoteSwiftPackageReference "firebase-ios-sdk" */,
			);
			productRefGroup = AD5351A626D2DBAC002CB457 /* Products */;
			projectDirPath = "";
			projectRoot = "";
			targets = (
				AD5351A426D2DBAC002CB457 /* FlappyHead */,
				AD5351BA26D2DBAD002CB457 /* FlappyHeadTests */,
				AD5351C526D2DBAD002CB457 /* FlappyHeadUITests */,
			);
		};
/* End PBXProject section */

/* Begin PBXResourcesBuildPhase section */
		AD5351A326D2DBAC002CB457 /* Resources */ = {
			isa = PBXResourcesBuildPhase;
			buildActionMask = 2147483647;
			files = (
				AD5351F126D2DBDB002CB457 /* Main.storyboard in Resources */,
				7A5FBE0F2783F4D200A87D3C /* PermissionPromptViewController.xib in Resources */,
				7A5FBE3F2793754000A87D3C /* RemoteConfigDefaults.plist in Resources */,
				ADDE17E02766EDF500E146A3 /* spark.png in Resources */,
				AD5351B526D2DBAD002CB457 /* LaunchScreen.storyboard in Resources */,
				AD5351F326D2DBDB002CB457 /* GameScene.sks in Resources */,
				7A5FBE32279352DC00A87D3C /* GoogleService-Info.plist in Resources */,
				7A5FBE3D2793752E00A87D3C /* RemoteConfigDefault.plist in Resources */,
				7A5FBE30278D2A7500A87D3C /* SettingsToggleCell.xib in Resources */,
				7A5FBE222787E70200A87D3C /* Localizable.strings in Resources */,
				7AFA5F8B2781768500D16A51 /* ModalPromptViewController.xib in Resources */,
				AD5351F626D2DBDB002CB457 /* bird.atlas in Resources */,
				AD5351F726D2DBDB002CB457 /* Assets.xcassets in Resources */,
				ADDE17D52766EDF500E146A3 /* FireParticles.sks in Resources */,
			);
			runOnlyForDeploymentPostprocessing = 0;
		};
		AD5351B926D2DBAD002CB457 /* Resources */ = {
			isa = PBXResourcesBuildPhase;
			buildActionMask = 2147483647;
			files = (
			);
			runOnlyForDeploymentPostprocessing = 0;
		};
		AD5351C426D2DBAD002CB457 /* Resources */ = {
			isa = PBXResourcesBuildPhase;
			buildActionMask = 2147483647;
			files = (
			);
			runOnlyForDeploymentPostprocessing = 0;
		};
/* End PBXResourcesBuildPhase section */

/* Begin PBXShellScriptBuildPhase section */
		0FBE2AF2BB01CBE57936192A /* [CP] Embed Pods Frameworks */ = {
			isa = PBXShellScriptBuildPhase;
			buildActionMask = 2147483647;
			files = (
			);
			inputFileListPaths = (
				"${PODS_ROOT}/Target Support Files/Pods-FlappyHead/Pods-FlappyHead-frameworks-${CONFIGURATION}-input-files.xcfilelist",
			);
			name = "[CP] Embed Pods Frameworks";
			outputFileListPaths = (
				"${PODS_ROOT}/Target Support Files/Pods-FlappyHead/Pods-FlappyHead-frameworks-${CONFIGURATION}-output-files.xcfilelist",
			);
			runOnlyForDeploymentPostprocessing = 0;
			shellPath = /bin/sh;
			shellScript = "\"${PODS_ROOT}/Target Support Files/Pods-FlappyHead/Pods-FlappyHead-frameworks.sh\"\n";
			showEnvVarsInLog = 0;
		};
		26A324CD6604AEFFD6073BB9 /* [CP] Embed Pods Frameworks */ = {
			isa = PBXShellScriptBuildPhase;
			buildActionMask = 2147483647;
			files = (
			);
			inputFileListPaths = (
				"${PODS_ROOT}/Target Support Files/Pods-FlappyHead-FlappyHeadUITests/Pods-FlappyHead-FlappyHeadUITests-frameworks-${CONFIGURATION}-input-files.xcfilelist",
			);
			name = "[CP] Embed Pods Frameworks";
			outputFileListPaths = (
				"${PODS_ROOT}/Target Support Files/Pods-FlappyHead-FlappyHeadUITests/Pods-FlappyHead-FlappyHeadUITests-frameworks-${CONFIGURATION}-output-files.xcfilelist",
			);
			runOnlyForDeploymentPostprocessing = 0;
			shellPath = /bin/sh;
			shellScript = "\"${PODS_ROOT}/Target Support Files/Pods-FlappyHead-FlappyHeadUITests/Pods-FlappyHead-FlappyHeadUITests-frameworks.sh\"\n";
			showEnvVarsInLog = 0;
		};
		48B2034260FCC73755BE5622 /* [CP] Check Pods Manifest.lock */ = {
			isa = PBXShellScriptBuildPhase;
			buildActionMask = 2147483647;
			files = (
			);
			inputFileListPaths = (
			);
			inputPaths = (
				"${PODS_PODFILE_DIR_PATH}/Podfile.lock",
				"${PODS_ROOT}/Manifest.lock",
			);
			name = "[CP] Check Pods Manifest.lock";
			outputFileListPaths = (
			);
			outputPaths = (
				"$(DERIVED_FILE_DIR)/Pods-FlappyHeadTests-checkManifestLockResult.txt",
			);
			runOnlyForDeploymentPostprocessing = 0;
			shellPath = /bin/sh;
			shellScript = "diff \"${PODS_PODFILE_DIR_PATH}/Podfile.lock\" \"${PODS_ROOT}/Manifest.lock\" > /dev/null\nif [ $? != 0 ] ; then\n    # print error to STDERR\n    echo \"error: The sandbox is not in sync with the Podfile.lock. Run 'pod install' or update your CocoaPods installation.\" >&2\n    exit 1\nfi\n# This output is used by Xcode 'outputs' to avoid re-running this script phase.\necho \"SUCCESS\" > \"${SCRIPT_OUTPUT_FILE_0}\"\n";
			showEnvVarsInLog = 0;
		};
		75DF38336ED468F89DF41D0C /* [CP] Check Pods Manifest.lock */ = {
			isa = PBXShellScriptBuildPhase;
			buildActionMask = 2147483647;
			files = (
			);
			inputFileListPaths = (
			);
			inputPaths = (
				"${PODS_PODFILE_DIR_PATH}/Podfile.lock",
				"${PODS_ROOT}/Manifest.lock",
			);
			name = "[CP] Check Pods Manifest.lock";
			outputFileListPaths = (
			);
			outputPaths = (
				"$(DERIVED_FILE_DIR)/Pods-FlappyHead-checkManifestLockResult.txt",
			);
			runOnlyForDeploymentPostprocessing = 0;
			shellPath = /bin/sh;
			shellScript = "diff \"${PODS_PODFILE_DIR_PATH}/Podfile.lock\" \"${PODS_ROOT}/Manifest.lock\" > /dev/null\nif [ $? != 0 ] ; then\n    # print error to STDERR\n    echo \"error: The sandbox is not in sync with the Podfile.lock. Run 'pod install' or update your CocoaPods installation.\" >&2\n    exit 1\nfi\n# This output is used by Xcode 'outputs' to avoid re-running this script phase.\necho \"SUCCESS\" > \"${SCRIPT_OUTPUT_FILE_0}\"\n";
			showEnvVarsInLog = 0;
		};
		8E2D22391EF4355D2BFD81FA /* [CP] Check Pods Manifest.lock */ = {
			isa = PBXShellScriptBuildPhase;
			buildActionMask = 2147483647;
			files = (
			);
			inputFileListPaths = (
			);
			inputPaths = (
				"${PODS_PODFILE_DIR_PATH}/Podfile.lock",
				"${PODS_ROOT}/Manifest.lock",
			);
			name = "[CP] Check Pods Manifest.lock";
			outputFileListPaths = (
			);
			outputPaths = (
				"$(DERIVED_FILE_DIR)/Pods-FlappyHead-FlappyHeadUITests-checkManifestLockResult.txt",
			);
			runOnlyForDeploymentPostprocessing = 0;
			shellPath = /bin/sh;
			shellScript = "diff \"${PODS_PODFILE_DIR_PATH}/Podfile.lock\" \"${PODS_ROOT}/Manifest.lock\" > /dev/null\nif [ $? != 0 ] ; then\n    # print error to STDERR\n    echo \"error: The sandbox is not in sync with the Podfile.lock. Run 'pod install' or update your CocoaPods installation.\" >&2\n    exit 1\nfi\n# This output is used by Xcode 'outputs' to avoid re-running this script phase.\necho \"SUCCESS\" > \"${SCRIPT_OUTPUT_FILE_0}\"\n";
			showEnvVarsInLog = 0;
		};
/* End PBXShellScriptBuildPhase section */

/* Begin PBXSourcesBuildPhase section */
		AD5351A126D2DBAC002CB457 /* Sources */ = {
			isa = PBXSourcesBuildPhase;
			buildActionMask = 2147483647;
			files = (
				7A5FBE262787E77A00A87D3C /* StringConstants.swift in Sources */,
				7A5FBE162784FC3D00A87D3C /* MainGameViewPresenter.swift in Sources */,
				AD5351EE26D2DBDB002CB457 /* SKNode+Extension.swift in Sources */,
				ADA95FEB26D4730C000AF0CD /* GameManager.swift in Sources */,
				AD53521426D2E3CF002CB457 /* FaceTrigger.swift in Sources */,
				AD53521326D2E3CF002CB457 /* FaceTriggerEvaluators.swift in Sources */,
				AD5351F826D2DBDB002CB457 /* MainGameViewController.swift in Sources */,
				7A5FBE112783F50800A87D3C /* PermissionPromptViewController.swift in Sources */,
				7A5FBE392793711700A87D3C /* RemoteConfigManager.swift in Sources */,
				7A5FBE2B278D1CD900A87D3C /* SettingsPresenter.swift in Sources */,
				7A5FBE0D2783C83900A87D3C /* InstagramSharingManager.swift in Sources */,
				AD5351F226D2DBDB002CB457 /* GameSettingManager.swift in Sources */,
				7A5FBE182784FEEF00A87D3C /* MainGameViewController+Extensions.swift in Sources */,
				7A5FBE1A2787D6EE00A87D3C /* PermissionsManager.swift in Sources */,
				7AFA5F8D2781769D00D16A51 /* ModalPromptViewController.swift in Sources */,
				AD5351A926D2DBAC002CB457 /* AppDelegate.swift in Sources */,
				AD5351AB26D2DBAC002CB457 /* SceneDelegate.swift in Sources */,
				AD5351F426D2DBDB002CB457 /* GameScene.swift in Sources */,
				7AFA5F8F278248D500D16A51 /* UIView+Utils.swift in Sources */,
				7A5FBE2E278D2A4800A87D3C /* SettingsToggleCell.swift in Sources */,
				7A5FBE28278D1C2100A87D3C /* SettingsViewController.swift in Sources */,
			);
			runOnlyForDeploymentPostprocessing = 0;
		};
		AD5351B726D2DBAD002CB457 /* Sources */ = {
			isa = PBXSourcesBuildPhase;
			buildActionMask = 2147483647;
			files = (
				AD5351C026D2DBAD002CB457 /* FlappyHeadTests.swift in Sources */,
			);
			runOnlyForDeploymentPostprocessing = 0;
		};
		AD5351C226D2DBAD002CB457 /* Sources */ = {
			isa = PBXSourcesBuildPhase;
			buildActionMask = 2147483647;
			files = (
				AD5351CB26D2DBAD002CB457 /* FlappyHeadUITests.swift in Sources */,
			);
			runOnlyForDeploymentPostprocessing = 0;
		};
/* End PBXSourcesBuildPhase section */

/* Begin PBXTargetDependency section */
		AD5351BD26D2DBAD002CB457 /* PBXTargetDependency */ = {
			isa = PBXTargetDependency;
			target = AD5351A426D2DBAC002CB457 /* FlappyHead */;
			targetProxy = AD5351BC26D2DBAD002CB457 /* PBXContainerItemProxy */;
		};
		AD5351C826D2DBAD002CB457 /* PBXTargetDependency */ = {
			isa = PBXTargetDependency;
			target = AD5351A426D2DBAC002CB457 /* FlappyHead */;
			targetProxy = AD5351C726D2DBAD002CB457 /* PBXContainerItemProxy */;
		};
/* End PBXTargetDependency section */

/* Begin PBXVariantGroup section */
		7A5FBE202787E70200A87D3C /* Localizable.strings */ = {
			isa = PBXVariantGroup;
			children = (
				7A5FBE212787E70200A87D3C /* Base */,
				7A5FBE232787E70C00A87D3C /* ja */,
				7A5FBE242787E70D00A87D3C /* en */,
			);
			name = Localizable.strings;
			sourceTree = "<group>";
		};
		AD5351B326D2DBAD002CB457 /* LaunchScreen.storyboard */ = {
			isa = PBXVariantGroup;
			children = (
				AD5351B426D2DBAD002CB457 /* Base */,
				7A5FBE1F2787E69F00A87D3C /* ja */,
			);
			name = LaunchScreen.storyboard;
			sourceTree = "<group>";
		};
		AD5351DE26D2DBDA002CB457 /* Main.storyboard */ = {
			isa = PBXVariantGroup;
			children = (
				AD5351DF26D2DBDA002CB457 /* Base */,
				7A5FBE1E2787E69F00A87D3C /* ja */,
			);
			name = Main.storyboard;
			sourceTree = "<group>";
		};
/* End PBXVariantGroup section */

/* Begin XCBuildConfiguration section */
		AD5351CD26D2DBAD002CB457 /* Debug */ = {
			isa = XCBuildConfiguration;
			buildSettings = {
				ALWAYS_SEARCH_USER_PATHS = NO;
				CLANG_ANALYZER_LOCALIZABILITY_NONLOCALIZED = YES;
				CLANG_ANALYZER_NONNULL = YES;
				CLANG_ANALYZER_NUMBER_OBJECT_CONVERSION = YES_AGGRESSIVE;
				CLANG_CXX_LANGUAGE_STANDARD = "gnu++14";
				CLANG_CXX_LIBRARY = "libc++";
				CLANG_ENABLE_MODULES = YES;
				CLANG_ENABLE_OBJC_ARC = YES;
				CLANG_ENABLE_OBJC_WEAK = YES;
				CLANG_WARN_BLOCK_CAPTURE_AUTORELEASING = YES;
				CLANG_WARN_BOOL_CONVERSION = YES;
				CLANG_WARN_COMMA = YES;
				CLANG_WARN_CONSTANT_CONVERSION = YES;
				CLANG_WARN_DEPRECATED_OBJC_IMPLEMENTATIONS = YES;
				CLANG_WARN_DIRECT_OBJC_ISA_USAGE = YES_ERROR;
				CLANG_WARN_DOCUMENTATION_COMMENTS = YES;
				CLANG_WARN_EMPTY_BODY = YES;
				CLANG_WARN_ENUM_CONVERSION = YES;
				CLANG_WARN_INFINITE_RECURSION = YES;
				CLANG_WARN_INT_CONVERSION = YES;
				CLANG_WARN_NON_LITERAL_NULL_CONVERSION = YES;
				CLANG_WARN_OBJC_IMPLICIT_RETAIN_SELF = YES;
				CLANG_WARN_OBJC_LITERAL_CONVERSION = YES;
				CLANG_WARN_OBJC_ROOT_CLASS = YES_ERROR;
				CLANG_WARN_QUOTED_INCLUDE_IN_FRAMEWORK_HEADER = YES;
				CLANG_WARN_RANGE_LOOP_ANALYSIS = YES;
				CLANG_WARN_STRICT_PROTOTYPES = YES;
				CLANG_WARN_SUSPICIOUS_MOVE = YES;
				CLANG_WARN_UNGUARDED_AVAILABILITY = YES_AGGRESSIVE;
				CLANG_WARN_UNREACHABLE_CODE = YES;
				CLANG_WARN__DUPLICATE_METHOD_MATCH = YES;
				COPY_PHASE_STRIP = NO;
				DEBUG_INFORMATION_FORMAT = dwarf;
				ENABLE_STRICT_OBJC_MSGSEND = YES;
				ENABLE_TESTABILITY = YES;
				GCC_C_LANGUAGE_STANDARD = gnu11;
				GCC_DYNAMIC_NO_PIC = NO;
				GCC_NO_COMMON_BLOCKS = YES;
				GCC_OPTIMIZATION_LEVEL = 0;
				GCC_PREPROCESSOR_DEFINITIONS = (
					"DEBUG=1",
					"$(inherited)",
				);
				GCC_WARN_64_TO_32_BIT_CONVERSION = YES;
				GCC_WARN_ABOUT_RETURN_TYPE = YES_ERROR;
				GCC_WARN_UNDECLARED_SELECTOR = YES;
				GCC_WARN_UNINITIALIZED_AUTOS = YES_AGGRESSIVE;
				GCC_WARN_UNUSED_FUNCTION = YES;
				GCC_WARN_UNUSED_VARIABLE = YES;
				IPHONEOS_DEPLOYMENT_TARGET = 14.5;
				MTL_ENABLE_DEBUG_INFO = INCLUDE_SOURCE;
				MTL_FAST_MATH = YES;
				ONLY_ACTIVE_ARCH = YES;
				SDKROOT = iphoneos;
				SWIFT_ACTIVE_COMPILATION_CONDITIONS = DEBUG;
				SWIFT_OPTIMIZATION_LEVEL = "-Onone";
			};
			name = Debug;
		};
		AD5351CE26D2DBAD002CB457 /* Release */ = {
			isa = XCBuildConfiguration;
			buildSettings = {
				ALWAYS_SEARCH_USER_PATHS = NO;
				CLANG_ANALYZER_LOCALIZABILITY_NONLOCALIZED = YES;
				CLANG_ANALYZER_NONNULL = YES;
				CLANG_ANALYZER_NUMBER_OBJECT_CONVERSION = YES_AGGRESSIVE;
				CLANG_CXX_LANGUAGE_STANDARD = "gnu++14";
				CLANG_CXX_LIBRARY = "libc++";
				CLANG_ENABLE_MODULES = YES;
				CLANG_ENABLE_OBJC_ARC = YES;
				CLANG_ENABLE_OBJC_WEAK = YES;
				CLANG_WARN_BLOCK_CAPTURE_AUTORELEASING = YES;
				CLANG_WARN_BOOL_CONVERSION = YES;
				CLANG_WARN_COMMA = YES;
				CLANG_WARN_CONSTANT_CONVERSION = YES;
				CLANG_WARN_DEPRECATED_OBJC_IMPLEMENTATIONS = YES;
				CLANG_WARN_DIRECT_OBJC_ISA_USAGE = YES_ERROR;
				CLANG_WARN_DOCUMENTATION_COMMENTS = YES;
				CLANG_WARN_EMPTY_BODY = YES;
				CLANG_WARN_ENUM_CONVERSION = YES;
				CLANG_WARN_INFINITE_RECURSION = YES;
				CLANG_WARN_INT_CONVERSION = YES;
				CLANG_WARN_NON_LITERAL_NULL_CONVERSION = YES;
				CLANG_WARN_OBJC_IMPLICIT_RETAIN_SELF = YES;
				CLANG_WARN_OBJC_LITERAL_CONVERSION = YES;
				CLANG_WARN_OBJC_ROOT_CLASS = YES_ERROR;
				CLANG_WARN_QUOTED_INCLUDE_IN_FRAMEWORK_HEADER = YES;
				CLANG_WARN_RANGE_LOOP_ANALYSIS = YES;
				CLANG_WARN_STRICT_PROTOTYPES = YES;
				CLANG_WARN_SUSPICIOUS_MOVE = YES;
				CLANG_WARN_UNGUARDED_AVAILABILITY = YES_AGGRESSIVE;
				CLANG_WARN_UNREACHABLE_CODE = YES;
				CLANG_WARN__DUPLICATE_METHOD_MATCH = YES;
				COPY_PHASE_STRIP = NO;
				DEBUG_INFORMATION_FORMAT = "dwarf-with-dsym";
				ENABLE_NS_ASSERTIONS = NO;
				ENABLE_STRICT_OBJC_MSGSEND = YES;
				GCC_C_LANGUAGE_STANDARD = gnu11;
				GCC_NO_COMMON_BLOCKS = YES;
				GCC_WARN_64_TO_32_BIT_CONVERSION = YES;
				GCC_WARN_ABOUT_RETURN_TYPE = YES_ERROR;
				GCC_WARN_UNDECLARED_SELECTOR = YES;
				GCC_WARN_UNINITIALIZED_AUTOS = YES_AGGRESSIVE;
				GCC_WARN_UNUSED_FUNCTION = YES;
				GCC_WARN_UNUSED_VARIABLE = YES;
				IPHONEOS_DEPLOYMENT_TARGET = 14.5;
				MTL_ENABLE_DEBUG_INFO = NO;
				MTL_FAST_MATH = YES;
				SDKROOT = iphoneos;
				SWIFT_COMPILATION_MODE = wholemodule;
				SWIFT_OPTIMIZATION_LEVEL = "-O";
				VALIDATE_PRODUCT = YES;
			};
			name = Release;
		};
		AD5351D026D2DBAD002CB457 /* Debug */ = {
			isa = XCBuildConfiguration;
			baseConfigurationReference = A94A1877C3E229DD07789CE6 /* Pods-FlappyHead.debug.xcconfig */;
			buildSettings = {
				ASSETCATALOG_COMPILER_APPICON_NAME = AppIcon;
				ASSETCATALOG_COMPILER_GLOBAL_ACCENT_COLOR_NAME = AccentColor;
				CODE_SIGN_STYLE = Automatic;
				DEVELOPMENT_TEAM = 792UA3WQAJ;
				FRAMEWORK_SEARCH_PATHS = (
					"$(inherited)",
					"$(PROJECT_DIR)",
				);
				INFOPLIST_FILE = FlappyHead/Info.plist;
				LD_RUNPATH_SEARCH_PATHS = (
					"$(inherited)",
					"@executable_path/Frameworks",
				);
				PRODUCT_BUNDLE_IDENTIFIER = ChrisCampanelli.FlappyFace;
				PRODUCT_NAME = "$(TARGET_NAME)";
				SWIFT_VERSION = 5.0;
				TARGETED_DEVICE_FAMILY = "1,2";
			};
			name = Debug;
		};
		AD5351D126D2DBAD002CB457 /* Release */ = {
			isa = XCBuildConfiguration;
			baseConfigurationReference = A9146A6C9B9E73C612788063 /* Pods-FlappyHead.release.xcconfig */;
			buildSettings = {
				ASSETCATALOG_COMPILER_APPICON_NAME = AppIcon;
				ASSETCATALOG_COMPILER_GLOBAL_ACCENT_COLOR_NAME = AccentColor;
				CODE_SIGN_STYLE = Automatic;
				DEVELOPMENT_TEAM = 792UA3WQAJ;
				FRAMEWORK_SEARCH_PATHS = (
					"$(inherited)",
					"$(PROJECT_DIR)",
				);
				INFOPLIST_FILE = FlappyHead/Info.plist;
				LD_RUNPATH_SEARCH_PATHS = (
					"$(inherited)",
					"@executable_path/Frameworks",
				);
				PRODUCT_BUNDLE_IDENTIFIER = ChrisCampanelli.FlappyFace;
				PRODUCT_NAME = "$(TARGET_NAME)";
				SWIFT_VERSION = 5.0;
				TARGETED_DEVICE_FAMILY = "1,2";
			};
			name = Release;
		};
		AD5351D326D2DBAD002CB457 /* Debug */ = {
			isa = XCBuildConfiguration;
			baseConfigurationReference = B1780FD8FD0EB1802B2931F6 /* Pods-FlappyHeadTests.debug.xcconfig */;
			buildSettings = {
				ALWAYS_EMBED_SWIFT_STANDARD_LIBRARIES = YES;
				BUNDLE_LOADER = "$(TEST_HOST)";
				CODE_SIGN_STYLE = Automatic;
				DEVELOPMENT_TEAM = C3QF4959CZ;
				INFOPLIST_FILE = FlappyHeadTests/Info.plist;
				IPHONEOS_DEPLOYMENT_TARGET = 14.5;
				LD_RUNPATH_SEARCH_PATHS = (
					"$(inherited)",
					"@executable_path/Frameworks",
					"@loader_path/Frameworks",
				);
				PRODUCT_BUNDLE_IDENTIFIER = ChrisCampanelli.FlappyHeadTests;
				PRODUCT_NAME = "$(TARGET_NAME)";
				SWIFT_VERSION = 5.0;
				TARGETED_DEVICE_FAMILY = "1,2";
				TEST_HOST = "$(BUILT_PRODUCTS_DIR)/FlappyHead.app/FlappyHead";
			};
			name = Debug;
		};
		AD5351D426D2DBAD002CB457 /* Release */ = {
			isa = XCBuildConfiguration;
			baseConfigurationReference = DC30EFD42E69D5543F3E00F1 /* Pods-FlappyHeadTests.release.xcconfig */;
			buildSettings = {
				ALWAYS_EMBED_SWIFT_STANDARD_LIBRARIES = YES;
				BUNDLE_LOADER = "$(TEST_HOST)";
				CODE_SIGN_STYLE = Automatic;
				DEVELOPMENT_TEAM = C3QF4959CZ;
				INFOPLIST_FILE = FlappyHeadTests/Info.plist;
				IPHONEOS_DEPLOYMENT_TARGET = 14.5;
				LD_RUNPATH_SEARCH_PATHS = (
					"$(inherited)",
					"@executable_path/Frameworks",
					"@loader_path/Frameworks",
				);
				PRODUCT_BUNDLE_IDENTIFIER = ChrisCampanelli.FlappyHeadTests;
				PRODUCT_NAME = "$(TARGET_NAME)";
				SWIFT_VERSION = 5.0;
				TARGETED_DEVICE_FAMILY = "1,2";
				TEST_HOST = "$(BUILT_PRODUCTS_DIR)/FlappyHead.app/FlappyHead";
			};
			name = Release;
		};
		AD5351D626D2DBAD002CB457 /* Debug */ = {
			isa = XCBuildConfiguration;
			baseConfigurationReference = 7A459B9328833F0470456C37 /* Pods-FlappyHead-FlappyHeadUITests.debug.xcconfig */;
			buildSettings = {
				ALWAYS_EMBED_SWIFT_STANDARD_LIBRARIES = YES;
				CODE_SIGN_STYLE = Automatic;
				DEVELOPMENT_TEAM = C3QF4959CZ;
				INFOPLIST_FILE = FlappyHeadUITests/Info.plist;
				LD_RUNPATH_SEARCH_PATHS = (
					"$(inherited)",
					"@executable_path/Frameworks",
					"@loader_path/Frameworks",
				);
				PRODUCT_BUNDLE_IDENTIFIER = ChrisCampanelli.FlappyHeadUITests;
				PRODUCT_NAME = "$(TARGET_NAME)";
				SWIFT_VERSION = 5.0;
				TARGETED_DEVICE_FAMILY = "1,2";
				TEST_TARGET_NAME = FlappyHead;
			};
			name = Debug;
		};
		AD5351D726D2DBAD002CB457 /* Release */ = {
			isa = XCBuildConfiguration;
			baseConfigurationReference = E9CC4EC440F883BF0EE06478 /* Pods-FlappyHead-FlappyHeadUITests.release.xcconfig */;
			buildSettings = {
				ALWAYS_EMBED_SWIFT_STANDARD_LIBRARIES = YES;
				CODE_SIGN_STYLE = Automatic;
				DEVELOPMENT_TEAM = C3QF4959CZ;
				INFOPLIST_FILE = FlappyHeadUITests/Info.plist;
				LD_RUNPATH_SEARCH_PATHS = (
					"$(inherited)",
					"@executable_path/Frameworks",
					"@loader_path/Frameworks",
				);
				PRODUCT_BUNDLE_IDENTIFIER = ChrisCampanelli.FlappyHeadUITests;
				PRODUCT_NAME = "$(TARGET_NAME)";
				SWIFT_VERSION = 5.0;
				TARGETED_DEVICE_FAMILY = "1,2";
				TEST_TARGET_NAME = FlappyHead;
			};
			name = Release;
		};
/* End XCBuildConfiguration section */

/* Begin XCConfigurationList section */
		AD5351A026D2DBAC002CB457 /* Build configuration list for PBXProject "FlappyHead" */ = {
			isa = XCConfigurationList;
			buildConfigurations = (
				AD5351CD26D2DBAD002CB457 /* Debug */,
				AD5351CE26D2DBAD002CB457 /* Release */,
			);
			defaultConfigurationIsVisible = 0;
			defaultConfigurationName = Release;
		};
		AD5351CF26D2DBAD002CB457 /* Build configuration list for PBXNativeTarget "FlappyHead" */ = {
			isa = XCConfigurationList;
			buildConfigurations = (
				AD5351D026D2DBAD002CB457 /* Debug */,
				AD5351D126D2DBAD002CB457 /* Release */,
			);
			defaultConfigurationIsVisible = 0;
			defaultConfigurationName = Release;
		};
		AD5351D226D2DBAD002CB457 /* Build configuration list for PBXNativeTarget "FlappyHeadTests" */ = {
			isa = XCConfigurationList;
			buildConfigurations = (
				AD5351D326D2DBAD002CB457 /* Debug */,
				AD5351D426D2DBAD002CB457 /* Release */,
			);
			defaultConfigurationIsVisible = 0;
			defaultConfigurationName = Release;
		};
		AD5351D526D2DBAD002CB457 /* Build configuration list for PBXNativeTarget "FlappyHeadUITests" */ = {
			isa = XCConfigurationList;
			buildConfigurations = (
				AD5351D626D2DBAD002CB457 /* Debug */,
				AD5351D726D2DBAD002CB457 /* Release */,
			);
			defaultConfigurationIsVisible = 0;
			defaultConfigurationName = Release;
		};
/* End XCConfigurationList section */

/* Begin XCRemoteSwiftPackageReference section */
		7A5FBE33279354FB00A87D3C /* XCRemoteSwiftPackageReference "firebase-ios-sdk" */ = {
			isa = XCRemoteSwiftPackageReference;
			repositoryURL = "https://github.com/firebase/firebase-ios-sdk";
			requirement = {
				kind = upToNextMajorVersion;
				minimumVersion = 8.0.0;
			};
		};
		AD53520426D2DD3B002CB457 /* XCRemoteSwiftPackageReference "ScalingCarousel" */ = {
			isa = XCRemoteSwiftPackageReference;
			repositoryURL = "https://github.com/superpeteblaze/ScalingCarousel.git";
			requirement = {
				kind = upToNextMajorVersion;
				minimumVersion = 3.2.0;
			};
		};
/* End XCRemoteSwiftPackageReference section */

/* Begin XCSwiftPackageProductDependency section */
		7A5FBE34279354FB00A87D3C /* FirebaseCrashlytics */ = {
			isa = XCSwiftPackageProductDependency;
			package = 7A5FBE33279354FB00A87D3C /* XCRemoteSwiftPackageReference "firebase-ios-sdk" */;
			productName = FirebaseCrashlytics;
		};
		7A5FBE36279354FB00A87D3C /* FirebaseRemoteConfig */ = {
			isa = XCSwiftPackageProductDependency;
			package = 7A5FBE33279354FB00A87D3C /* XCRemoteSwiftPackageReference "firebase-ios-sdk" */;
			productName = FirebaseRemoteConfig;
		};
		AD53520526D2DD3B002CB457 /* ScalingCarousel */ = {
			isa = XCSwiftPackageProductDependency;
			package = AD53520426D2DD3B002CB457 /* XCRemoteSwiftPackageReference "ScalingCarousel" */;
			productName = ScalingCarousel;
		};
/* End XCSwiftPackageProductDependency section */
	};
	rootObject = AD53519D26D2DBAC002CB457 /* Project object */;
}
